
Microsoft Visual Studio Solution File, Format Version 12.00
# Visual Studio 15
VisualStudioVersion = 15.0.27130.2027
MinimumVisualStudioVersion = 10.0.40219.1
Project("{FAE04EC0-301F-11D3-BF4B-00C04F79EFBC}") = "MulticriteriaOptimization", "MulticriteriaOptimization\MulticriteriaOptimization.csproj", "{6A0BF9ED-07E2-42E8-A5F9-497DD2A90858}"
EndProject
Global
	GlobalSection(SolutionConfigurationPlatforms) = preSolution
		Debug|Any CPU = Debug|Any CPU
		Release|Any CPU = Release|Any CPU
	EndGlobalSection
	GlobalSection(ProjectConfigurationPlatforms) = postSolution
		{6A0BF9ED-07E2-42E8-A5F9-497DD2A90858}.Debug|Any CPU.ActiveCfg = Debug|Any CPU
		{6A0BF9ED-07E2-42E8-A5F9-497DD2A90858}.Debug|Any CPU.Build.0 = Debug|Any CPU
		{6A0BF9ED-07E2-42E8-A5F9-497DD2A90858}.Release|Any CPU.ActiveCfg = Release|Any CPU
		{6A0BF9ED-07E2-42E8-A5F9-497DD2A90858}.Release|Any CPU.Build.0 = Release|Any CPU
	EndGlobalSection
	GlobalSection(SolutionProperties) = preSolution
		HideSolutionNode = FALSE
	EndGlobalSection
	GlobalSection(ExtensibilityGlobals) = postSolution
		SolutionGuid = {D883EC12-14AB-4F9C-9C10-00E2E33AA090}
	EndGlobalSection
EndGlobal
